
Microsoft Visual Studio Solution File, Format Version 12.00
# Visual Studio Version 16
VisualStudioVersion = 16.0.30907.101
MinimumVisualStudioVersion = 10.0.40219.1
Project("{FAE04EC0-301F-11D3-BF4B-00C04F79EFBC}") = "WebApplication1", "WebApplication1.csproj", "{AA92894E-3832-4C25-B691-1E17A8137501}"
EndProject
Global
	GlobalSection(SolutionConfigurationPlatforms) = preSolution
		Debug|Any CPU = Debug|Any CPU
		Release|Any CPU = Release|Any CPU
	EndGlobalSection
	GlobalSection(ProjectConfigurationPlatforms) = postSolution
		{AA92894E-3832-4C25-B691-1E17A8137501}.Debug|Any CPU.ActiveCfg = Debug|Any CPU
		{AA92894E-3832-4C25-B691-1E17A8137501}.Debug|Any CPU.Build.0 = Debug|Any CPU
		{AA92894E-3832-4C25-B691-1E17A8137501}.Release|Any CPU.ActiveCfg = Release|Any CPU
		{AA92894E-3832-4C25-B691-1E17A8137501}.Release|Any CPU.Build.0 = Release|Any CPU
	EndGlobalSection
	GlobalSection(SolutionProperties) = preSolution
		HideSolutionNode = FALSE
	EndGlobalSection
	GlobalSection(ExtensibilityGlobals) = postSolution
		SolutionGuid = {025A71C8-FFC9-4D6B-9515-70900ABB87BF}
	EndGlobalSection
EndGlobal
